// !$*UTF8*$!
{
	archiveVersion = 1;
	classes = {
	};
	objectVersion = 55;
	objects = {

/* Begin PBXBuildFile section */
		5B70127765B5BBB481CA53F5 /* Pods_L_TestTech.framework in Frameworks */ = {isa = PBXBuildFile; fileRef = 17674FAFC0581AE0D7302124 /* Pods_L_TestTech.framework */; };
		765DE01F2AE91015007EF5A7 /* AppDelegate.swift in Sources */ = {isa = PBXBuildFile; fileRef = 765DE01E2AE91015007EF5A7 /* AppDelegate.swift */; };
		765DE0212AE91015007EF5A7 /* SceneDelegate.swift in Sources */ = {isa = PBXBuildFile; fileRef = 765DE0202AE91015007EF5A7 /* SceneDelegate.swift */; };
		765DE0232AE91015007EF5A7 /* LoginViewController.swift in Sources */ = {isa = PBXBuildFile; fileRef = 765DE0222AE91015007EF5A7 /* LoginViewController.swift */; };
		765DE0282AE91018007EF5A7 /* Assets.xcassets in Resources */ = {isa = PBXBuildFile; fileRef = 765DE0272AE91018007EF5A7 /* Assets.xcassets */; };
		765DE02B2AE91018007EF5A7 /* LaunchScreen.storyboard in Resources */ = {isa = PBXBuildFile; fileRef = 765DE0292AE91018007EF5A7 /* LaunchScreen.storyboard */; };
		765DE0332AE91938007EF5A7 /* HomeViewController.swift in Sources */ = {isa = PBXBuildFile; fileRef = 765DE0322AE91938007EF5A7 /* HomeViewController.swift */; };
		765DE0352AE91956007EF5A7 /* DetailsViewController.swift in Sources */ = {isa = PBXBuildFile; fileRef = 765DE0342AE91956007EF5A7 /* DetailsViewController.swift */; };
		765DE0402AE91BA4007EF5A7 /* Router.swift in Sources */ = {isa = PBXBuildFile; fileRef = 765DE03F2AE91BA4007EF5A7 /* Router.swift */; };
		765DE0422AE9205E007EF5A7 /* LoginViewModel.swift in Sources */ = {isa = PBXBuildFile; fileRef = 765DE0412AE9205E007EF5A7 /* LoginViewModel.swift */; };
		765DE0442AE93375007EF5A7 /* LayoutHelper.swift in Sources */ = {isa = PBXBuildFile; fileRef = 765DE0432AE93375007EF5A7 /* LayoutHelper.swift */; };
		765DE0762AEA99F1007EF5A7 /* PhoneMask.swift in Sources */ = {isa = PBXBuildFile; fileRef = 765DE0752AEA99F1007EF5A7 /* PhoneMask.swift */; };
		765DE0782AEA9A73007EF5A7 /* LoginNetworkManager.swift in Sources */ = {isa = PBXBuildFile; fileRef = 765DE0772AEA9A73007EF5A7 /* LoginNetworkManager.swift */; };
/* End PBXBuildFile section */

/* Begin PBXFileReference section */
		0F6E3A616BFCF0110DBAF712 /* Pods-L-TestTech.debug.xcconfig */ = {isa = PBXFileReference; includeInIndex = 1; lastKnownFileType = text.xcconfig; name = "Pods-L-TestTech.debug.xcconfig"; path = "Target Support Files/Pods-L-TestTech/Pods-L-TestTech.debug.xcconfig"; sourceTree = "<group>"; };
		17674FAFC0581AE0D7302124 /* Pods_L_TestTech.framework */ = {isa = PBXFileReference; explicitFileType = wrapper.framework; includeInIndex = 0; path = Pods_L_TestTech.framework; sourceTree = BUILT_PRODUCTS_DIR; };
		5C645CB29A0F1023AF2D1A95 /* Pods-L-TestTech.release.xcconfig */ = {isa = PBXFileReference; includeInIndex = 1; lastKnownFileType = text.xcconfig; name = "Pods-L-TestTech.release.xcconfig"; path = "Target Support Files/Pods-L-TestTech/Pods-L-TestTech.release.xcconfig"; sourceTree = "<group>"; };
		765DE01B2AE91015007EF5A7 /* L-TestTech.app */ = {isa = PBXFileReference; explicitFileType = wrapper.application; includeInIndex = 0; path = "L-TestTech.app"; sourceTree = BUILT_PRODUCTS_DIR; };
		765DE01E2AE91015007EF5A7 /* AppDelegate.swift */ = {isa = PBXFileReference; lastKnownFileType = sourcecode.swift; path = AppDelegate.swift; sourceTree = "<group>"; };
		765DE0202AE91015007EF5A7 /* SceneDelegate.swift */ = {isa = PBXFileReference; lastKnownFileType = sourcecode.swift; path = SceneDelegate.swift; sourceTree = "<group>"; };
		765DE0222AE91015007EF5A7 /* LoginViewController.swift */ = {isa = PBXFileReference; lastKnownFileType = sourcecode.swift; path = LoginViewController.swift; sourceTree = "<group>"; };
		765DE0272AE91018007EF5A7 /* Assets.xcassets */ = {isa = PBXFileReference; lastKnownFileType = folder.assetcatalog; path = Assets.xcassets; sourceTree = "<group>"; };
		765DE02A2AE91018007EF5A7 /* Base */ = {isa = PBXFileReference; lastKnownFileType = file.storyboard; name = Base; path = Base.lproj/LaunchScreen.storyboard; sourceTree = "<group>"; };
		765DE02C2AE91018007EF5A7 /* Info.plist */ = {isa = PBXFileReference; lastKnownFileType = text.plist.xml; path = Info.plist; sourceTree = "<group>"; };
		765DE0322AE91938007EF5A7 /* HomeViewController.swift */ = {isa = PBXFileReference; lastKnownFileType = sourcecode.swift; path = HomeViewController.swift; sourceTree = "<group>"; };
		765DE0342AE91956007EF5A7 /* DetailsViewController.swift */ = {isa = PBXFileReference; lastKnownFileType = sourcecode.swift; path = DetailsViewController.swift; sourceTree = "<group>"; };
		765DE03F2AE91BA4007EF5A7 /* Router.swift */ = {isa = PBXFileReference; lastKnownFileType = sourcecode.swift; path = Router.swift; sourceTree = "<group>"; };
		765DE0412AE9205E007EF5A7 /* LoginViewModel.swift */ = {isa = PBXFileReference; lastKnownFileType = sourcecode.swift; path = LoginViewModel.swift; sourceTree = "<group>"; };
		765DE0432AE93375007EF5A7 /* LayoutHelper.swift */ = {isa = PBXFileReference; lastKnownFileType = sourcecode.swift; path = LayoutHelper.swift; sourceTree = "<group>"; };
		765DE0752AEA99F1007EF5A7 /* PhoneMask.swift */ = {isa = PBXFileReference; lastKnownFileType = sourcecode.swift; path = PhoneMask.swift; sourceTree = "<group>"; };
		765DE0772AEA9A73007EF5A7 /* LoginNetworkManager.swift */ = {isa = PBXFileReference; lastKnownFileType = sourcecode.swift; path = LoginNetworkManager.swift; sourceTree = "<group>"; };
/* End PBXFileReference section */

/* Begin PBXFrameworksBuildPhase section */
		765DE0182AE91015007EF5A7 /* Frameworks */ = {
			isa = PBXFrameworksBuildPhase;
			buildActionMask = 2147483647;
			files = (
				5B70127765B5BBB481CA53F5 /* Pods_L_TestTech.framework in Frameworks */,
			);
			runOnlyForDeploymentPostprocessing = 0;
		};
/* End PBXFrameworksBuildPhase section */

/* Begin PBXGroup section */
		685D82F4A3265425ED009B3F /* Pods */ = {
			isa = PBXGroup;
			children = (
				0F6E3A616BFCF0110DBAF712 /* Pods-L-TestTech.debug.xcconfig */,
				5C645CB29A0F1023AF2D1A95 /* Pods-L-TestTech.release.xcconfig */,
			);
			path = Pods;
			sourceTree = "<group>";
		};
		6F4039CD54DD7671BD4979D0 /* Frameworks */ = {
			isa = PBXGroup;
			children = (
				17674FAFC0581AE0D7302124 /* Pods_L_TestTech.framework */,
			);
			name = Frameworks;
			sourceTree = "<group>";
		};
		765DE0122AE91015007EF5A7 = {
			isa = PBXGroup;
			children = (
				765DE01D2AE91015007EF5A7 /* L-TestTech */,
				765DE01C2AE91015007EF5A7 /* Products */,
				685D82F4A3265425ED009B3F /* Pods */,
				6F4039CD54DD7671BD4979D0 /* Frameworks */,
			);
			sourceTree = "<group>";
		};
		765DE01C2AE91015007EF5A7 /* Products */ = {
			isa = PBXGroup;
			children = (
				765DE01B2AE91015007EF5A7 /* L-TestTech.app */,
			);
			name = Products;
			sourceTree = "<group>";
		};
		765DE01D2AE91015007EF5A7 /* L-TestTech */ = {
			isa = PBXGroup;
			children = (
				765DE01E2AE91015007EF5A7 /* AppDelegate.swift */,
				765DE0202AE91015007EF5A7 /* SceneDelegate.swift */,
				765DE03E2AE91B85007EF5A7 /* Router */,
				765DE0362AE919B5007EF5A7 /* LoginScene */,
				765DE0372AE919CF007EF5A7 /* HomeScene */,
				765DE0382AE919E3007EF5A7 /* DetailsScene */,
				765DE0432AE93375007EF5A7 /* LayoutHelper.swift */,
				765DE0272AE91018007EF5A7 /* Assets.xcassets */,
				765DE0292AE91018007EF5A7 /* LaunchScreen.storyboard */,
				765DE02C2AE91018007EF5A7 /* Info.plist */,
			);
			path = "L-TestTech";
			sourceTree = "<group>";
		};
		765DE0362AE919B5007EF5A7 /* LoginScene */ = {
			isa = PBXGroup;
			children = (
				765DE0392AE91A0E007EF5A7 /* LoginView */,
				765DE03A2AE91A20007EF5A7 /* LoginInteractor */,
				765DE03B2AE91A72007EF5A7 /* LoginPresenter */,
			);
			path = LoginScene;
			sourceTree = "<group>";
		};
		765DE0372AE919CF007EF5A7 /* HomeScene */ = {
			isa = PBXGroup;
			children = (
				765DE0322AE91938007EF5A7 /* HomeViewController.swift */,
			);
			path = HomeScene;
			sourceTree = "<group>";
		};
		765DE0382AE919E3007EF5A7 /* DetailsScene */ = {
			isa = PBXGroup;
			children = (
				765DE0342AE91956007EF5A7 /* DetailsViewController.swift */,
			);
			path = DetailsScene;
			sourceTree = "<group>";
		};
		765DE0392AE91A0E007EF5A7 /* LoginView */ = {
			isa = PBXGroup;
			children = (
				765DE0222AE91015007EF5A7 /* LoginViewController.swift */,
			);
			path = LoginView;
			sourceTree = "<group>";
		};
		765DE03A2AE91A20007EF5A7 /* LoginInteractor */ = {
			isa = PBXGroup;
			children = (
				765DE03D2AE91AD0007EF5A7 /* LoginModel */,
			);
			path = LoginInteractor;
			sourceTree = "<group>";
		};
		765DE03B2AE91A72007EF5A7 /* LoginPresenter */ = {
			isa = PBXGroup;
			children = (
				765DE03C2AE91AB3007EF5A7 /* LoginViewModel */,
			);
			path = LoginPresenter;
			sourceTree = "<group>";
		};
		765DE03C2AE91AB3007EF5A7 /* LoginViewModel */ = {
			isa = PBXGroup;
			children = (
				765DE0412AE9205E007EF5A7 /* LoginViewModel.swift */,
			);
			path = LoginViewModel;
			sourceTree = "<group>";
		};
		765DE03D2AE91AD0007EF5A7 /* LoginModel */ = {
			isa = PBXGroup;
			children = (
				765DE0752AEA99F1007EF5A7 /* PhoneMask.swift */,
				765DE0772AEA9A73007EF5A7 /* LoginNetworkManager.swift */,
			);
			path = LoginModel;
			sourceTree = "<group>";
		};
		765DE03E2AE91B85007EF5A7 /* Router */ = {
			isa = PBXGroup;
			children = (
				765DE03F2AE91BA4007EF5A7 /* Router.swift */,
			);
			path = Router;
			sourceTree = "<group>";
		};
/* End PBXGroup section */

/* Begin PBXNativeTarget section */
		765DE01A2AE91015007EF5A7 /* L-TestTech */ = {
			isa = PBXNativeTarget;
			buildConfigurationList = 765DE02F2AE91018007EF5A7 /* Build configuration list for PBXNativeTarget "L-TestTech" */;
			buildPhases = (
				800C4191F145845F13D86B1B /* [CP] Check Pods Manifest.lock */,
				765DE0172AE91015007EF5A7 /* Sources */,
				765DE0182AE91015007EF5A7 /* Frameworks */,
				765DE0192AE91015007EF5A7 /* Resources */,
				A0D129D91F4B98942302BEFD /* [CP] Embed Pods Frameworks */,
			);
			buildRules = (
			);
			dependencies = (
			);
			name = "L-TestTech";
			packageProductDependencies = (
			);
			productName = "L-TestTech";
			productReference = 765DE01B2AE91015007EF5A7 /* L-TestTech.app */;
			productType = "com.apple.product-type.application";
		};
/* End PBXNativeTarget section */

/* Begin PBXProject section */
		765DE0132AE91015007EF5A7 /* Project object */ = {
			isa = PBXProject;
			attributes = {
				BuildIndependentTargetsInParallel = 1;
				LastSwiftUpdateCheck = 1430;
				LastUpgradeCheck = 1430;
				TargetAttributes = {
					765DE01A2AE91015007EF5A7 = {
						CreatedOnToolsVersion = 14.3.1;
					};
				};
			};
			buildConfigurationList = 765DE0162AE91015007EF5A7 /* Build configuration list for PBXProject "L-TestTech" */;
			compatibilityVersion = "Xcode 13.0";
			developmentRegion = en;
			hasScannedForEncodings = 0;
			knownRegions = (
				en,
				Base,
			);
			mainGroup = 765DE0122AE91015007EF5A7;
			packageReferences = (
				765DE0722AEA993F007EF5A7 /* XCRemoteSwiftPackageReference "Alamofire" */,
			);
			productRefGroup = 765DE01C2AE91015007EF5A7 /* Products */;
			projectDirPath = "";
			projectRoot = "";
			targets = (
				765DE01A2AE91015007EF5A7 /* L-TestTech */,
			);
		};
/* End PBXProject section */

/* Begin PBXResourcesBuildPhase section */
		765DE0192AE91015007EF5A7 /* Resources */ = {
			isa = PBXResourcesBuildPhase;
			buildActionMask = 2147483647;
			files = (
				765DE02B2AE91018007EF5A7 /* LaunchScreen.storyboard in Resources */,
				765DE0282AE91018007EF5A7 /* Assets.xcassets in Resources */,
			);
			runOnlyForDeploymentPostprocessing = 0;
		};
/* End PBXResourcesBuildPhase section */

/* Begin PBXShellScriptBuildPhase section */
		800C4191F145845F13D86B1B /* [CP] Check Pods Manifest.lock */ = {
			isa = PBXShellScriptBuildPhase;
			buildActionMask = 2147483647;
			files = (
			);
			inputFileListPaths = (
			);
			inputPaths = (
				"${PODS_PODFILE_DIR_PATH}/Podfile.lock",
				"${PODS_ROOT}/Manifest.lock",
			);
			name = "[CP] Check Pods Manifest.lock";
			outputFileListPaths = (
			);
			outputPaths = (
				"$(DERIVED_FILE_DIR)/Pods-L-TestTech-checkManifestLockResult.txt",
			);
			runOnlyForDeploymentPostprocessing = 0;
			shellPath = /bin/sh;
			shellScript = "diff \"${PODS_PODFILE_DIR_PATH}/Podfile.lock\" \"${PODS_ROOT}/Manifest.lock\" > /dev/null\nif [ $? != 0 ] ; then\n    # print error to STDERR\n    echo \"error: The sandbox is not in sync with the Podfile.lock. Run 'pod install' or update your CocoaPods installation.\" >&2\n    exit 1\nfi\n# This output is used by Xcode 'outputs' to avoid re-running this script phase.\necho \"SUCCESS\" > \"${SCRIPT_OUTPUT_FILE_0}\"\n";
			showEnvVarsInLog = 0;
		};
		A0D129D91F4B98942302BEFD /* [CP] Embed Pods Frameworks */ = {
			isa = PBXShellScriptBuildPhase;
			buildActionMask = 2147483647;
			files = (
			);
			inputFileListPaths = (
				"${PODS_ROOT}/Target Support Files/Pods-L-TestTech/Pods-L-TestTech-frameworks-${CONFIGURATION}-input-files.xcfilelist",
			);
			name = "[CP] Embed Pods Frameworks";
			outputFileListPaths = (
				"${PODS_ROOT}/Target Support Files/Pods-L-TestTech/Pods-L-TestTech-frameworks-${CONFIGURATION}-output-files.xcfilelist",
			);
			runOnlyForDeploymentPostprocessing = 0;
			shellPath = /bin/sh;
			shellScript = "\"${PODS_ROOT}/Target Support Files/Pods-L-TestTech/Pods-L-TestTech-frameworks.sh\"\n";
			showEnvVarsInLog = 0;
		};
/* End PBXShellScriptBuildPhase section */

/* Begin PBXSourcesBuildPhase section */
		765DE0172AE91015007EF5A7 /* Sources */ = {
			isa = PBXSourcesBuildPhase;
			buildActionMask = 2147483647;
			files = (
				765DE0232AE91015007EF5A7 /* LoginViewController.swift in Sources */,
				765DE01F2AE91015007EF5A7 /* AppDelegate.swift in Sources */,
				765DE0212AE91015007EF5A7 /* SceneDelegate.swift in Sources */,
				765DE0442AE93375007EF5A7 /* LayoutHelper.swift in Sources */,
				765DE0782AEA9A73007EF5A7 /* LoginNetworkManager.swift in Sources */,
				765DE0332AE91938007EF5A7 /* HomeViewController.swift in Sources */,
				765DE0402AE91BA4007EF5A7 /* Router.swift in Sources */,
				765DE0762AEA99F1007EF5A7 /* PhoneMask.swift in Sources */,
				765DE0352AE91956007EF5A7 /* DetailsViewController.swift in Sources */,
				765DE0422AE9205E007EF5A7 /* LoginViewModel.swift in Sources */,
			);
			runOnlyForDeploymentPostprocessing = 0;
		};
/* End PBXSourcesBuildPhase section */

/* Begin PBXVariantGroup section */
		765DE0292AE91018007EF5A7 /* LaunchScreen.storyboard */ = {
			isa = PBXVariantGroup;
			children = (
				765DE02A2AE91018007EF5A7 /* Base */,
			);
			name = LaunchScreen.storyboard;
			sourceTree = "<group>";
		};
/* End PBXVariantGroup section */

/* Begin XCBuildConfiguration section */
		765DE02D2AE91018007EF5A7 /* Debug */ = {
			isa = XCBuildConfiguration;
			buildSettings = {
				ALWAYS_SEARCH_USER_PATHS = NO;
				CLANG_ANALYZER_NONNULL = YES;
				CLANG_ANALYZER_NUMBER_OBJECT_CONVERSION = YES_AGGRESSIVE;
				CLANG_CXX_LANGUAGE_STANDARD = "gnu++20";
				CLANG_ENABLE_MODULES = YES;
				CLANG_ENABLE_OBJC_ARC = YES;
				CLANG_ENABLE_OBJC_WEAK = YES;
				CLANG_WARN_BLOCK_CAPTURE_AUTORELEASING = YES;
				CLANG_WARN_BOOL_CONVERSION = YES;
				CLANG_WARN_COMMA = YES;
				CLANG_WARN_CONSTANT_CONVERSION = YES;
				CLANG_WARN_DEPRECATED_OBJC_IMPLEMENTATIONS = YES;
				CLANG_WARN_DIRECT_OBJC_ISA_USAGE = YES_ERROR;
				CLANG_WARN_DOCUMENTATION_COMMENTS = YES;
				CLANG_WARN_EMPTY_BODY = YES;
				CLANG_WARN_ENUM_CONVERSION = YES;
				CLANG_WARN_INFINITE_RECURSION = YES;
				CLANG_WARN_INT_CONVERSION = YES;
				CLANG_WARN_NON_LITERAL_NULL_CONVERSION = YES;
				CLANG_WARN_OBJC_IMPLICIT_RETAIN_SELF = YES;
				CLANG_WARN_OBJC_LITERAL_CONVERSION = YES;
				CLANG_WARN_OBJC_ROOT_CLASS = YES_ERROR;
				CLANG_WARN_QUOTED_INCLUDE_IN_FRAMEWORK_HEADER = YES;
				CLANG_WARN_RANGE_LOOP_ANALYSIS = YES;
				CLANG_WARN_STRICT_PROTOTYPES = YES;
				CLANG_WARN_SUSPICIOUS_MOVE = YES;
				CLANG_WARN_UNGUARDED_AVAILABILITY = YES_AGGRESSIVE;
				CLANG_WARN_UNREACHABLE_CODE = YES;
				CLANG_WARN__DUPLICATE_METHOD_MATCH = YES;
				COPY_PHASE_STRIP = NO;
				DEBUG_INFORMATION_FORMAT = dwarf;
				ENABLE_STRICT_OBJC_MSGSEND = YES;
				ENABLE_TESTABILITY = YES;
				GCC_C_LANGUAGE_STANDARD = gnu11;
				GCC_DYNAMIC_NO_PIC = NO;
				GCC_NO_COMMON_BLOCKS = YES;
				GCC_OPTIMIZATION_LEVEL = 0;
				GCC_PREPROCESSOR_DEFINITIONS = (
					"DEBUG=1",
					"$(inherited)",
				);
				GCC_WARN_64_TO_32_BIT_CONVERSION = YES;
				GCC_WARN_ABOUT_RETURN_TYPE = YES_ERROR;
				GCC_WARN_UNDECLARED_SELECTOR = YES;
				GCC_WARN_UNINITIALIZED_AUTOS = YES_AGGRESSIVE;
				GCC_WARN_UNUSED_FUNCTION = YES;
				GCC_WARN_UNUSED_VARIABLE = YES;
				IPHONEOS_DEPLOYMENT_TARGET = 13.0;
				MTL_ENABLE_DEBUG_INFO = INCLUDE_SOURCE;
				MTL_FAST_MATH = YES;
				ONLY_ACTIVE_ARCH = YES;
				SDKROOT = iphoneos;
				SWIFT_ACTIVE_COMPILATION_CONDITIONS = DEBUG;
				SWIFT_OPTIMIZATION_LEVEL = "-Onone";
			};
			name = Debug;
		};
		765DE02E2AE91018007EF5A7 /* Release */ = {
			isa = XCBuildConfiguration;
			buildSettings = {
				ALWAYS_SEARCH_USER_PATHS = NO;
				CLANG_ANALYZER_NONNULL = YES;
				CLANG_ANALYZER_NUMBER_OBJECT_CONVERSION = YES_AGGRESSIVE;
				CLANG_CXX_LANGUAGE_STANDARD = "gnu++20";
				CLANG_ENABLE_MODULES = YES;
				CLANG_ENABLE_OBJC_ARC = YES;
				CLANG_ENABLE_OBJC_WEAK = YES;
				CLANG_WARN_BLOCK_CAPTURE_AUTORELEASING = YES;
				CLANG_WARN_BOOL_CONVERSION = YES;
				CLANG_WARN_COMMA = YES;
				CLANG_WARN_CONSTANT_CONVERSION = YES;
				CLANG_WARN_DEPRECATED_OBJC_IMPLEMENTATIONS = YES;
				CLANG_WARN_DIRECT_OBJC_ISA_USAGE = YES_ERROR;
				CLANG_WARN_DOCUMENTATION_COMMENTS = YES;
				CLANG_WARN_EMPTY_BODY = YES;
				CLANG_WARN_ENUM_CONVERSION = YES;
				CLANG_WARN_INFINITE_RECURSION = YES;
				CLANG_WARN_INT_CONVERSION = YES;
				CLANG_WARN_NON_LITERAL_NULL_CONVERSION = YES;
				CLANG_WARN_OBJC_IMPLICIT_RETAIN_SELF = YES;
				CLANG_WARN_OBJC_LITERAL_CONVERSION = YES;
				CLANG_WARN_OBJC_ROOT_CLASS = YES_ERROR;
				CLANG_WARN_QUOTED_INCLUDE_IN_FRAMEWORK_HEADER = YES;
				CLANG_WARN_RANGE_LOOP_ANALYSIS = YES;
				CLANG_WARN_STRICT_PROTOTYPES = YES;
				CLANG_WARN_SUSPICIOUS_MOVE = YES;
				CLANG_WARN_UNGUARDED_AVAILABILITY = YES_AGGRESSIVE;
				CLANG_WARN_UNREACHABLE_CODE = YES;
				CLANG_WARN__DUPLICATE_METHOD_MATCH = YES;
				COPY_PHASE_STRIP = NO;
				DEBUG_INFORMATION_FORMAT = "dwarf-with-dsym";
				ENABLE_NS_ASSERTIONS = NO;
				ENABLE_STRICT_OBJC_MSGSEND = YES;
				GCC_C_LANGUAGE_STANDARD = gnu11;
				GCC_NO_COMMON_BLOCKS = YES;
				GCC_WARN_64_TO_32_BIT_CONVERSION = YES;
				GCC_WARN_ABOUT_RETURN_TYPE = YES_ERROR;
				GCC_WARN_UNDECLARED_SELECTOR = YES;
				GCC_WARN_UNINITIALIZED_AUTOS = YES_AGGRESSIVE;
				GCC_WARN_UNUSED_FUNCTION = YES;
				GCC_WARN_UNUSED_VARIABLE = YES;
				IPHONEOS_DEPLOYMENT_TARGET = 13.0;
				MTL_ENABLE_DEBUG_INFO = NO;
				MTL_FAST_MATH = YES;
				SDKROOT = iphoneos;
				SWIFT_COMPILATION_MODE = wholemodule;
				SWIFT_OPTIMIZATION_LEVEL = "-O";
				VALIDATE_PRODUCT = YES;
			};
			name = Release;
		};
		765DE0302AE91018007EF5A7 /* Debug */ = {
			isa = XCBuildConfiguration;
			baseConfigurationReference = 0F6E3A616BFCF0110DBAF712 /* Pods-L-TestTech.debug.xcconfig */;
			buildSettings = {
				ASSETCATALOG_COMPILER_APPICON_NAME = AppIcon;
				ASSETCATALOG_COMPILER_GLOBAL_ACCENT_COLOR_NAME = AccentColor;
				CODE_SIGN_STYLE = Automatic;
				CURRENT_PROJECT_VERSION = 1;
				DEVELOPMENT_TEAM = VD9W7NWT69;
				GENERATE_INFOPLIST_FILE = YES;
				INFOPLIST_FILE = "L-TestTech/Info.plist";
				INFOPLIST_KEY_UIApplicationSupportsIndirectInputEvents = YES;
				INFOPLIST_KEY_UILaunchStoryboardName = LaunchScreen;
				INFOPLIST_KEY_UISupportedInterfaceOrientations = UIInterfaceOrientationPortrait;
				IPHONEOS_DEPLOYMENT_TARGET = 13.0;
				LD_RUNPATH_SEARCH_PATHS = (
					"$(inherited)",
					"@executable_path/Frameworks",
				);
				MARKETING_VERSION = 1.0;
				PRODUCT_BUNDLE_IDENTIFIER = "UkrainskayaO.L-TestTech";
				PRODUCT_NAME = "$(TARGET_NAME)";
				SWIFT_EMIT_LOC_STRINGS = YES;
				SWIFT_VERSION = 5.0;
				TARGETED_DEVICE_FAMILY = "1,2";
			};
			name = Debug;
		};
		765DE0312AE91018007EF5A7 /* Release */ = {
			isa = XCBuildConfiguration;
			baseConfigurationReference = 5C645CB29A0F1023AF2D1A95 /* Pods-L-TestTech.release.xcconfig */;
			buildSettings = {
				ASSETCATALOG_COMPILER_APPICON_NAME = AppIcon;
				ASSETCATALOG_COMPILER_GLOBAL_ACCENT_COLOR_NAME = AccentColor;
				CODE_SIGN_STYLE = Automatic;
				CURRENT_PROJECT_VERSION = 1;
				DEVELOPMENT_TEAM = VD9W7NWT69;
				GENERATE_INFOPLIST_FILE = YES;
				INFOPLIST_FILE = "L-TestTech/Info.plist";
				INFOPLIST_KEY_UIApplicationSupportsIndirectInputEvents = YES;
				INFOPLIST_KEY_UILaunchStoryboardName = LaunchScreen;
				INFOPLIST_KEY_UISupportedInterfaceOrientations = UIInterfaceOrientationPortrait;
				IPHONEOS_DEPLOYMENT_TARGET = 13.0;
				LD_RUNPATH_SEARCH_PATHS = (
					"$(inherited)",
					"@executable_path/Frameworks",
				);
				MARKETING_VERSION = 1.0;
				PRODUCT_BUNDLE_IDENTIFIER = "UkrainskayaO.L-TestTech";
				PRODUCT_NAME = "$(TARGET_NAME)";
				SWIFT_EMIT_LOC_STRINGS = YES;
				SWIFT_VERSION = 5.0;
				TARGETED_DEVICE_FAMILY = "1,2";
			};
			name = Release;
		};
/* End XCBuildConfiguration section */

/* Begin XCConfigurationList section */
		765DE0162AE91015007EF5A7 /* Build configuration list for PBXProject "L-TestTech" */ = {
			isa = XCConfigurationList;
			buildConfigurations = (
				765DE02D2AE91018007EF5A7 /* Debug */,
				765DE02E2AE91018007EF5A7 /* Release */,
			);
			defaultConfigurationIsVisible = 0;
			defaultConfigurationName = Release;
		};
		765DE02F2AE91018007EF5A7 /* Build configuration list for PBXNativeTarget "L-TestTech" */ = {
			isa = XCConfigurationList;
			buildConfigurations = (
				765DE0302AE91018007EF5A7 /* Debug */,
				765DE0312AE91018007EF5A7 /* Release */,
			);
			defaultConfigurationIsVisible = 0;
			defaultConfigurationName = Release;
		};
/* End XCConfigurationList section */

/* Begin XCRemoteSwiftPackageReference section */
		765DE0722AEA993F007EF5A7 /* XCRemoteSwiftPackageReference "Alamofire" */ = {
			isa = XCRemoteSwiftPackageReference;
			repositoryURL = "https://github.com/Alamofire/Alamofire.git";
			requirement = {
				kind = upToNextMajorVersion;
				minimumVersion = 5.0.0;
			};
		};
/* End XCRemoteSwiftPackageReference section */
	};
	rootObject = 765DE0132AE91015007EF5A7 /* Project object */;
}
